
Microsoft Visual Studio Solution File, Format Version 12.00
# Visual Studio 15
VisualStudioVersion = 15.0.28010.2050
MinimumVisualStudioVersion = 10.0.40219.1
Project("{FAE04EC0-301F-11D3-BF4B-00C04F79EFBC}") = "TraineeBanking", "TraineeBanking\TraineeBanking.csproj", "{9C9E6BAD-5326-4389-88BC-75D13F42FAD8}"
EndProject
Global
	GlobalSection(SolutionConfigurationPlatforms) = preSolution
		Debug|Any CPU = Debug|Any CPU
		Release|Any CPU = Release|Any CPU
	EndGlobalSection
	GlobalSection(ProjectConfigurationPlatforms) = postSolution
		{9C9E6BAD-5326-4389-88BC-75D13F42FAD8}.Debug|Any CPU.ActiveCfg = Debug|Any CPU
		{9C9E6BAD-5326-4389-88BC-75D13F42FAD8}.Debug|Any CPU.Build.0 = Debug|Any CPU
		{9C9E6BAD-5326-4389-88BC-75D13F42FAD8}.Release|Any CPU.ActiveCfg = Release|Any CPU
		{9C9E6BAD-5326-4389-88BC-75D13F42FAD8}.Release|Any CPU.Build.0 = Release|Any CPU
	EndGlobalSection
	GlobalSection(SolutionProperties) = preSolution
		HideSolutionNode = FALSE
	EndGlobalSection
	GlobalSection(ExtensibilityGlobals) = postSolution
		SolutionGuid = {48EE4891-BBA7-453D-B280-75ED00643D3D}
	EndGlobalSection
EndGlobal
